{
  "name": "simplequad-playground",
  "version": "1.0.0",
  "lockfileVersion": 1,
  "requires": true,
  "dependencies": {
    "simplequad": {
      "version": "1.0.3",
      "resolved": "https://registry.npmjs.org/simplequad/-/simplequad-1.0.3.tgz",
      "integrity": "sha512-IC2nvzChSEi9mPWdbfGHu+orgJhrl/MOnzNC6s+XOH3Bxv5TEZnSjzAgkB5YUcxQU9Fb1M8CW3CZHZ4d9TBhcA=="
    }
  }
}
